{
  "name": "sevana",
  "lockfileVersion": 3,
  "requires": true,
  "packages": {
    "": {
      "name": "sevana",
      "workspaces": [
        "packages/*"
      ]
    },
    "node_modules/backend": {
      "resolved": "packages/backend",
      "link": true
    },
    "node_modules/shared": {
      "resolved": "packages/shared",
      "link": true
    },
    "packages/backend": {
      "version": "1.0.0",
      "license": "ISC"
    },
    "packages/shared": {
      "version": "1.0.0",
      "license": "ISC"
    }
  }
}
