{
  "name": "sevana",
  "lockfileVersion": 3,
  "requires": true,
  "packages": {
    "": {
      "name": "sevana",
      "workspaces": [
        "packages/*"
      ],
      "dependencies": {
        "zod": "^4.4.3"
      }
    },
    "node_modules/backend": {
      "resolved": "packages/backend",
      "link": true
    },
    "node_modules/shared": {
      "resolved": "packages/shared",
      "link": true
    },
    "node_modules/zod": {
      "version": "4.4.3",
      "resolved": "https://registry.npmjs.org/zod/-/zod-4.4.3.tgz",
      "integrity": "sha512-ytENFjIJFl2UwYglde2jchW2Hwm4GJFLDiSXWdTrJQBIN9Fcyp7n4DhxJEiWNAJMV1/BqWfW/kkg71UDcHJyTQ==",
      "license": "MIT",
      "funding": {
        "url": "https://github.com/sponsors/colinhacks"
      }
    },
    "packages/backend": {
      "version": "1.0.0",
      "license": "ISC"
    },
    "packages/shared": {
      "version": "1.0.0",
      "license": "ISC"
    }
  }
}
